Microsoft Visual Studio Solution File, Format Version 12.00
# Visual Studio Version 17
VisualStudioVersion = 17.5.2.0
MinimumVisualStudioVersion = 10.0.40219.1
Project("{FAE04EC0-301F-11D3-BF4B-00C04F79EFBC}") = "ProcessScheduler", "ProcessScheduler.csproj", "{110F3629-2429-2117-935E-9AFF327394BA}"
EndProject
Global
	GlobalSection(SolutionConfigurationPlatforms) = preSolution
		Debug|Any CPU = Debug|Any CPU
		Release|Any CPU = Release|Any CPU
	EndGlobalSection
	GlobalSection(ProjectConfigurationPlatforms) = postSolution
		{110F3629-2429-2117-935E-9AFF327394BA}.Debug|Any CPU.ActiveCfg = Debug|Any CPU
		{110F3629-2429-2117-935E-9AFF327394BA}.Debug|Any CPU.Build.0 = Debug|Any CPU
		{110F3629-2429-2117-935E-9AFF327394BA}.Release|Any CPU.ActiveCfg = Release|Any CPU
		{110F3629-2429-2117-935E-9AFF327394BA}.Release|Any CPU.Build.0 = Release|Any CPU
	EndGlobalSection
	GlobalSection(SolutionProperties) = preSolution
		HideSolutionNode = FALSE
	EndGlobalSection
	GlobalSection(ExtensibilityGlobals) = postSolution
		SolutionGuid = {5C505B9A-EF84-40E4-B1D2-4522648FEA46}
	EndGlobalSection
EndGlobal
